
Microsoft Visual Studio Solution File, Format Version 12.00
# Visual Studio Version 16
VisualStudioVersion = 16.0.30114.105
MinimumVisualStudioVersion = 10.0.40219.1
Project("{9A19103F-16F7-4668-BE54-9A1E7A4F7556}") = "TwitchBot.Agent", "TwitchBot.Agent\TwitchBot.Agent.csproj", "{13006458-BA1B-4C90-92AF-66E5701055F0}"
EndProject
Project("{FAE04EC0-301F-11D3-BF4B-00C04F79EFBC}") = "TwitchBot.Manager", "TwitchBot.Manager\TwitchBot.Manager.csproj", "{B552BFD6-C4EB-48F6-BC73-6D057F278A82}"
EndProject
Project("{FAE04EC0-301F-11D3-BF4B-00C04F79EFBC}") = "TwitchBot.Common", "TwitchBot.Common\TwitchBot.Common.csproj", "{C382D918-237A-4504-9563-9A7F22D895F8}"
EndProject
Global
	GlobalSection(SolutionConfigurationPlatforms) = preSolution
		Debug|Any CPU = Debug|Any CPU
		Release|Any CPU = Release|Any CPU
	EndGlobalSection
	GlobalSection(ProjectConfigurationPlatforms) = postSolution
		{13006458-BA1B-4C90-92AF-66E5701055F0}.Debug|Any CPU.ActiveCfg = Debug|Any CPU
		{13006458-BA1B-4C90-92AF-66E5701055F0}.Debug|Any CPU.Build.0 = Debug|Any CPU
		{13006458-BA1B-4C90-92AF-66E5701055F0}.Release|Any CPU.ActiveCfg = Release|Any CPU
		{13006458-BA1B-4C90-92AF-66E5701055F0}.Release|Any CPU.Build.0 = Release|Any CPU
		{B552BFD6-C4EB-48F6-BC73-6D057F278A82}.Debug|Any CPU.ActiveCfg = Debug|Any CPU
		{B552BFD6-C4EB-48F6-BC73-6D057F278A82}.Debug|Any CPU.Build.0 = Debug|Any CPU
		{B552BFD6-C4EB-48F6-BC73-6D057F278A82}.Release|Any CPU.ActiveCfg = Release|Any CPU
		{B552BFD6-C4EB-48F6-BC73-6D057F278A82}.Release|Any CPU.Build.0 = Release|Any CPU
		{C382D918-237A-4504-9563-9A7F22D895F8}.Debug|Any CPU.ActiveCfg = Debug|Any CPU
		{C382D918-237A-4504-9563-9A7F22D895F8}.Debug|Any CPU.Build.0 = Debug|Any CPU
		{C382D918-237A-4504-9563-9A7F22D895F8}.Release|Any CPU.ActiveCfg = Release|Any CPU
		{C382D918-237A-4504-9563-9A7F22D895F8}.Release|Any CPU.Build.0 = Release|Any CPU
	EndGlobalSection
	GlobalSection(SolutionProperties) = preSolution
		HideSolutionNode = FALSE
	EndGlobalSection
	GlobalSection(ExtensibilityGlobals) = postSolution
		SolutionGuid = {FEB26ECA-E06A-4F2F-9412-1C0E6E48240A}
	EndGlobalSection
EndGlobal
